
Microsoft Visual Studio Solution File, Format Version 12.00
# Visual Studio Version 17
VisualStudioVersion = 17.9.34728.123
MinimumVisualStudioVersion = 10.0.40219.1
Project("{FAE04EC0-301F-11D3-BF4B-00C04F79EFBC}") = "Store", "Store.csproj", "{D25C666D-C939-4331-A2E1-4E3F1AD7237A}"
EndProject
Global
	GlobalSection(SolutionConfigurationPlatforms) = preSolution
		Debug|Any CPU = Debug|Any CPU
		Release|Any CPU = Release|Any CPU
	EndGlobalSection
	GlobalSection(ProjectConfigurationPlatforms) = postSolution
		{D25C666D-C939-4331-A2E1-4E3F1AD7237A}.Debug|Any CPU.ActiveCfg = Debug|Any CPU
		{D25C666D-C939-4331-A2E1-4E3F1AD7237A}.Debug|Any CPU.Build.0 = Debug|Any CPU
		{D25C666D-C939-4331-A2E1-4E3F1AD7237A}.Release|Any CPU.ActiveCfg = Release|Any CPU
		{D25C666D-C939-4331-A2E1-4E3F1AD7237A}.Release|Any CPU.Build.0 = Release|Any CPU
	EndGlobalSection
	GlobalSection(SolutionProperties) = preSolution
		HideSolutionNode = FALSE
	EndGlobalSection
	GlobalSection(ExtensibilityGlobals) = postSolution
		SolutionGuid = {AB87EF6F-6DEF-4422-9D5D-5E52C0DECDA5}
	EndGlobalSection
EndGlobal
